Microsoft Visual Studio Solution File, Format Version 12.00
# Visual Studio 15
VisualStudioVersion = 15.0.26730.3
MinimumVisualStudioVersion = 15.0.26124.0
Project("{2150E333-8FDC-42A3-9474-1A3956D46DE8}") = "src", "src", "{7A493347-66F0-4B07-B1C6-AC091C37ED2C}"
EndProject
Project("{9A19103F-16F7-4668-BE54-9A1E7A4F7556}") = "NDesk.Options", "src\NDesk.Options\NDesk.Options.csproj", "{9383C97A-5758-423E-8E26-2B06753A714D}"
EndProject
Project("{9A19103F-16F7-4668-BE54-9A1E7A4F7556}") = "TSqlFormatterLib", "src\TSqlFormatterLib\TSqlFormatterLib.csproj", "{2E9B0F62-DAF3-460B-A020-9DA6C43680ED}"
EndProject
Project("{9A19103F-16F7-4668-BE54-9A1E7A4F7556}") = "TSqlFormatterCmdLine", "src\TSqlFormatterCmdLine\TSqlFormatterCmdLine.csproj", "{FB7E5637-9436-43A0-ADF4-8D0AD2ED89B5}"
EndProject
Project("{2150E333-8FDC-42A3-9474-1A3956D46DE8}") = "tests", "tests", "{6E9CD424-D953-4641-8D78-E7436BAADE05}"
EndProject
Project("{FAE04EC0-301F-11D3-BF4B-00C04F79EFBC}") = "TSqlFormatter.Tests", "tests\TSqlFormatter.Tests\TSqlFormatter.Tests.csproj", "{97A46A65-059A-4340-9BE2-A8CC45E0B43E}"
EndProject
Global
	GlobalSection(SolutionConfigurationPlatforms) = preSolution
		Debug|Any CPU = Debug|Any CPU
		Debug|x64 = Debug|x64
		Debug|x86 = Debug|x86
		Release|Any CPU = Release|Any CPU
		Release|x64 = Release|x64
		Release|x86 = Release|x86
	EndGlobalSection
	GlobalSection(ProjectConfigurationPlatforms) = postSolution
		{9383C97A-5758-423E-8E26-2B06753A714D}.Debug|Any CPU.ActiveCfg = Debug|Any CPU
		{9383C97A-5758-423E-8E26-2B06753A714D}.Debug|Any CPU.Build.0 = Debug|Any CPU
		{9383C97A-5758-423E-8E26-2B06753A714D}.Debug|x64.ActiveCfg = Debug|Any CPU
		{9383C97A-5758-423E-8E26-2B06753A714D}.Debug|x64.Build.0 = Debug|Any CPU
		{9383C97A-5758-423E-8E26-2B06753A714D}.Debug|x86.ActiveCfg = Debug|Any CPU
		{9383C97A-5758-423E-8E26-2B06753A714D}.Debug|x86.Build.0 = Debug|Any CPU
		{9383C97A-5758-423E-8E26-2B06753A714D}.Release|Any CPU.ActiveCfg = Release|Any CPU
		{9383C97A-5758-423E-8E26-2B06753A714D}.Release|Any CPU.Build.0 = Release|Any CPU
		{9383C97A-5758-423E-8E26-2B06753A714D}.Release|x64.ActiveCfg = Release|Any CPU
		{9383C97A-5758-423E-8E26-2B06753A714D}.Release|x64.Build.0 = Release|Any CPU
		{9383C97A-5758-423E-8E26-2B06753A714D}.Release|x86.ActiveCfg = Release|Any CPU
		{9383C97A-5758-423E-8E26-2B06753A714D}.Release|x86.Build.0 = Release|Any CPU
		{2E9B0F62-DAF3-460B-A020-9DA6C43680ED}.Debug|Any CPU.ActiveCfg = Debug|Any CPU
		{2E9B0F62-DAF3-460B-A020-9DA6C43680ED}.Debug|Any CPU.Build.0 = Debug|Any CPU
		{2E9B0F62-DAF3-460B-A020-9DA6C43680ED}.Debug|x64.ActiveCfg = Debug|Any CPU
		{2E9B0F62-DAF3-460B-A020-9DA6C43680ED}.Debug|x64.Build.0 = Debug|Any CPU
		{2E9B0F62-DAF3-460B-A020-9DA6C43680ED}.Debug|x86.ActiveCfg = Debug|Any CPU
		{2E9B0F62-DAF3-460B-A020-9DA6C43680ED}.Debug|x86.Build.0 = Debug|Any CPU
		{2E9B0F62-DAF3-460B-A020-9DA6C43680ED}.Release|Any CPU.ActiveCfg = Release|Any CPU
		{2E9B0F62-DAF3-460B-A020-9DA6C43680ED}.Release|Any CPU.Build.0 = Release|Any CPU
		{2E9B0F62-DAF3-460B-A020-9DA6C43680ED}.Release|x64.ActiveCfg = Release|Any CPU
		{2E9B0F62-DAF3-460B-A020-9DA6C43680ED}.Release|x64.Build.0 = Release|Any CPU
		{2E9B0F62-DAF3-460B-A020-9DA6C43680ED}.Release|x86.ActiveCfg = Release|Any CPU
		{2E9B0F62-DAF3-460B-A020-9DA6C43680ED}.Release|x86.Build.0 = Release|Any CPU
		{FB7E5637-9436-43A0-ADF4-8D0AD2ED89B5}.Debug|Any CPU.ActiveCfg = Debug|Any CPU
		{FB7E5637-9436-43A0-ADF4-8D0AD2ED89B5}.Debug|Any CPU.Build.0 = Debug|Any CPU
		{FB7E5637-9436-43A0-ADF4-8D0AD2ED89B5}.Debug|x64.ActiveCfg = Debug|Any CPU
		{FB7E5637-9436-43A0-ADF4-8D0AD2ED89B5}.Debug|x64.Build.0 = Debug|Any CPU
		{FB7E5637-9436-43A0-ADF4-8D0AD2ED89B5}.Debug|x86.ActiveCfg = Debug|Any CPU
		{FB7E5637-9436-43A0-ADF4-8D0AD2ED89B5}.Debug|x86.Build.0 = Debug|Any CPU
		{FB7E5637-9436-43A0-ADF4-8D0AD2ED89B5}.Release|Any CPU.ActiveCfg = Release|Any CPU
		{FB7E5637-9436-43A0-ADF4-8D0AD2ED89B5}.Release|Any CPU.Build.0 = Release|Any CPU
		{FB7E5637-9436-43A0-ADF4-8D0AD2ED89B5}.Release|x64.ActiveCfg = Release|Any CPU
		{FB7E5637-9436-43A0-ADF4-8D0AD2ED89B5}.Release|x64.Build.0 = Release|Any CPU
		{FB7E5637-9436-43A0-ADF4-8D0AD2ED89B5}.Release|x86.ActiveCfg = Release|Any CPU
		{FB7E5637-9436-43A0-ADF4-8D0AD2ED89B5}.Release|x86.Build.0 = Release|Any CPU
		{97A46A65-059A-4340-9BE2-A8CC45E0B43E}.Debug|Any CPU.ActiveCfg = Debug|Any CPU
		{97A46A65-059A-4340-9BE2-A8CC45E0B43E}.Debug|Any CPU.Build.0 = Debug|Any CPU
		{97A46A65-059A-4340-9BE2-A8CC45E0B43E}.Debug|x64.ActiveCfg = Debug|x64
		{97A46A65-059A-4340-9BE2-A8CC45E0B43E}.Debug|x64.Build.0 = Debug|x64
		{97A46A65-059A-4340-9BE2-A8CC45E0B43E}.Debug|x86.ActiveCfg = Debug|x86
		{97A46A65-059A-4340-9BE2-A8CC45E0B43E}.Debug|x86.Build.0 = Debug|x86
		{97A46A65-059A-4340-9BE2-A8CC45E0B43E}.Release|Any CPU.ActiveCfg = Release|Any CPU
		{97A46A65-059A-4340-9BE2-A8CC45E0B43E}.Release|Any CPU.Build.0 = Release|Any CPU
		{97A46A65-059A-4340-9BE2-A8CC45E0B43E}.Release|x64.ActiveCfg = Release|x64
		{97A46A65-059A-4340-9BE2-A8CC45E0B43E}.Release|x64.Build.0 = Release|x64
		{97A46A65-059A-4340-9BE2-A8CC45E0B43E}.Release|x86.ActiveCfg = Release|x86
		{97A46A65-059A-4340-9BE2-A8CC45E0B43E}.Release|x86.Build.0 = Release|x86
	EndGlobalSection
	GlobalSection(SolutionProperties) = preSolution
		HideSolutionNode = FALSE
	EndGlobalSection
	GlobalSection(NestedProjects) = preSolution
		{9383C97A-5758-423E-8E26-2B06753A714D} = {7A493347-66F0-4B07-B1C6-AC091C37ED2C}
		{2E9B0F62-DAF3-460B-A020-9DA6C43680ED} = {7A493347-66F0-4B07-B1C6-AC091C37ED2C}
		{FB7E5637-9436-43A0-ADF4-8D0AD2ED89B5} = {7A493347-66F0-4B07-B1C6-AC091C37ED2C}
		{97A46A65-059A-4340-9BE2-A8CC45E0B43E} = {6E9CD424-D953-4641-8D78-E7436BAADE05}
	EndGlobalSection
	GlobalSection(ExtensibilityGlobals) = postSolution
		SolutionGuid = {D17031FE-DFB0-4C02-8841-4F4C94FF640A}
	EndGlobalSection
EndGlobal
